
Microsoft Visual Studio Solution File, Format Version 12.00
# Visual Studio Version 16
VisualStudioVersion = 16.0.33423.256
MinimumVisualStudioVersion = 10.0.40219.1
Project("{8BC9CEB8-8B4A-11D0-8D11-00A0C91BC942}") = "Lab1", "Lab1.vcxproj", "{7400A9AC-3BCB-4EB5-AABB-DC8E22593248}"
EndProject
Global
	GlobalSection(SolutionConfigurationPlatforms) = preSolution
		Debug|x64 = Debug|x64
		Debug|x86 = Debug|x86
		Release|x64 = Release|x64
		Release|x86 = Release|x86
	EndGlobalSection
	GlobalSection(ProjectConfigurationPlatforms) = postSolution
		{7400A9AC-3BCB-4EB5-AABB-DC8E22593248}.Debug|x64.ActiveCfg = Debug|x64
		{7400A9AC-3BCB-4EB5-AABB-DC8E22593248}.Debug|x64.Build.0 = Debug|x64
		{7400A9AC-3BCB-4EB5-AABB-DC8E22593248}.Debug|x86.ActiveCfg = Debug|Win32
		{7400A9AC-3BCB-4EB5-AABB-DC8E22593248}.Debug|x86.Build.0 = Debug|Win32
		{7400A9AC-3BCB-4EB5-AABB-DC8E22593248}.Release|x64.ActiveCfg = Release|x64
		{7400A9AC-3BCB-4EB5-AABB-DC8E22593248}.Release|x64.Build.0 = Release|x64
		{7400A9AC-3BCB-4EB5-AABB-DC8E22593248}.Release|x86.ActiveCfg = Release|Win32
		{7400A9AC-3BCB-4EB5-AABB-DC8E22593248}.Release|x86.Build.0 = Release|Win32
	EndGlobalSection
	GlobalSection(SolutionProperties) = preSolution
		HideSolutionNode = FALSE
	EndGlobalSection
	GlobalSection(ExtensibilityGlobals) = postSolution
		SolutionGuid = {FC552A98-1100-49A0-B74C-CFC91CAD7AA3}
	EndGlobalSection
EndGlobal
